
Microsoft Visual Studio Solution File, Format Version 12.00
# Visual Studio Version 17
VisualStudioVersion = 17.7.34031.279
MinimumVisualStudioVersion = 10.0.40219.1
Project("{FAE04EC0-301F-11D3-BF4B-00C04F79EFBC}") = "ClassLibrary1", "ClassLibrary1\ClassLibrary1.csproj", "{AC3466F2-561F-4B5D-B076-3E2E6EBBD5ED}"
EndProject
Project("{FAE04EC0-301F-11D3-BF4B-00C04F79EFBC}") = "WebApplication1", "WebApplication1\WebApplication1.csproj", "{4A14E9B2-9966-48FE-B99A-C1404F79BAC5}"
EndProject
Global
	GlobalSection(SolutionConfigurationPlatforms) = preSolution
		Debug|Any CPU = Debug|Any CPU
		Release|Any CPU = Release|Any CPU
	EndGlobalSection
	GlobalSection(ProjectConfigurationPlatforms) = postSolution
		{AC3466F2-561F-4B5D-B076-3E2E6EBBD5ED}.Debug|Any CPU.ActiveCfg = Debug|Any CPU
		{AC3466F2-561F-4B5D-B076-3E2E6EBBD5ED}.Debug|Any CPU.Build.0 = Debug|Any CPU
		{AC3466F2-561F-4B5D-B076-3E2E6EBBD5ED}.Release|Any CPU.ActiveCfg = Release|Any CPU
		{AC3466F2-561F-4B5D-B076-3E2E6EBBD5ED}.Release|Any CPU.Build.0 = Release|Any CPU
		{4A14E9B2-9966-48FE-B99A-C1404F79BAC5}.Debug|Any CPU.ActiveCfg = Debug|Any CPU
		{4A14E9B2-9966-48FE-B99A-C1404F79BAC5}.Debug|Any CPU.Build.0 = Debug|Any CPU
		{4A14E9B2-9966-48FE-B99A-C1404F79BAC5}.Release|Any CPU.ActiveCfg = Release|Any CPU
		{4A14E9B2-9966-48FE-B99A-C1404F79BAC5}.Release|Any CPU.Build.0 = Release|Any CPU
	EndGlobalSection
	GlobalSection(SolutionProperties) = preSolution
		HideSolutionNode = FALSE
	EndGlobalSection
	GlobalSection(ExtensibilityGlobals) = postSolution
		SolutionGuid = {E3289225-1BB1-49D9-93F2-06FAE43909B5}
	EndGlobalSection
EndGlobal
